// !$*UTF8*$!
{
	archiveVersion = 1;
	classes = {
	};
	objectVersion = 46;
	objects = {

/* Begin PBXBuildFile section */
		20E67242ED49EFBFC76CBC3F /* libPods-Embarque.a in Frameworks */ = {isa = PBXBuildFile; fileRef = F22208933B9394CA88667152 /* libPods-Embarque.a */; };
		A789D01F1AD9D57D00F9638E /* EMFeedViewController.m in Sources */ = {isa = PBXBuildFile; fileRef = A789D01E1AD9D57D00F9638E /* EMFeedViewController.m */; };
		A789D0221AD9F9B300F9638E /* EMCellLoadingA.m in Sources */ = {isa = PBXBuildFile; fileRef = A789D0211AD9F9B300F9638E /* EMCellLoadingA.m */; };
		A789D0261AD9FA7600F9638E /* CellLoadingA.xib in Resources */ = {isa = PBXBuildFile; fileRef = A789D0251AD9FA7600F9638E /* CellLoadingA.xib */; };
		A789D02A1AD9FBCA00F9638E /* EMCellEmptyA.m in Sources */ = {isa = PBXBuildFile; fileRef = A789D0281AD9FBCA00F9638E /* EMCellEmptyA.m */; };
		A789D02B1AD9FBCA00F9638E /* CellEmptyA.xib in Resources */ = {isa = PBXBuildFile; fileRef = A789D0291AD9FBCA00F9638E /* CellEmptyA.xib */; };
		A789D02E1ADA14C200F9638E /* UIScreen+MXAdditions.m in Sources */ = {isa = PBXBuildFile; fileRef = A789D02D1ADA14C200F9638E /* UIScreen+MXAdditions.m */; };
		A789D0381ADA220C00F9638E /* NSMutableArray+MXAdditions.m in Sources */ = {isa = PBXBuildFile; fileRef = A789D0311ADA220C00F9638E /* NSMutableArray+MXAdditions.m */; };
		A789D0391ADA220C00F9638E /* NSNumber+MXAdditions.m in Sources */ = {isa = PBXBuildFile; fileRef = A789D0331ADA220C00F9638E /* NSNumber+MXAdditions.m */; };
		A789D03A1ADA220C00F9638E /* NSString+MXAdditions.m in Sources */ = {isa = PBXBuildFile; fileRef = A789D0351ADA220C00F9638E /* NSString+MXAdditions.m */; };
		A789D03B1ADA220C00F9638E /* UIView+MXAdditions.m in Sources */ = {isa = PBXBuildFile; fileRef = A789D0371ADA220C00F9638E /* UIView+MXAdditions.m */; };
		A789D03E1ADA23FE00F9638E /* EMDetailViewController.m in Sources */ = {isa = PBXBuildFile; fileRef = A789D03D1ADA23FE00F9638E /* EMDetailViewController.m */; };
		A789D0411ADA332400F9638E /* EMBaseViewController.m in Sources */ = {isa = PBXBuildFile; fileRef = A789D0401ADA332400F9638E /* EMBaseViewController.m */; };
		A789D0441ADA64F900F9638E /* EMCellRating.m in Sources */ = {isa = PBXBuildFile; fileRef = A789D0431ADA64F900F9638E /* EMCellRating.m */; };
		BA6B59221AD9507F00FC78F1 /* main.m in Sources */ = {isa = PBXBuildFile; fileRef = BA6B59211AD9507F00FC78F1 /* main.m */; };
		BA6B59251AD9507F00FC78F1 /* AppDelegate.m in Sources */ = {isa = PBXBuildFile; fileRef = BA6B59241AD9507F00FC78F1 /* AppDelegate.m */; };
		BA6B592B1AD9507F00FC78F1 /* Main.storyboard in Resources */ = {isa = PBXBuildFile; fileRef = BA6B59291AD9507F00FC78F1 /* Main.storyboard */; };
		BA6B592D1AD9507F00FC78F1 /* Images.xcassets in Resources */ = {isa = PBXBuildFile; fileRef = BA6B592C1AD9507F00FC78F1 /* Images.xcassets */; };
		BA6B59301AD9507F00FC78F1 /* LaunchScreen.xib in Resources */ = {isa = PBXBuildFile; fileRef = BA6B592E1AD9507F00FC78F1 /* LaunchScreen.xib */; };
		BA6B593C1AD9507F00FC78F1 /* EmbarqueTests.m in Sources */ = {isa = PBXBuildFile; fileRef = BA6B593B1AD9507F00FC78F1 /* EmbarqueTests.m */; };
		BAEA55431AD9C00B00D8054F /* Feedback.storyboard in Resources */ = {isa = PBXBuildFile; fileRef = BAEA55421AD9C00B00D8054F /* Feedback.storyboard */; };
		BAEA55461AD9C42800D8054F /* EMFeedbackViewController.m in Sources */ = {isa = PBXBuildFile; fileRef = BAEA55451AD9C42800D8054F /* EMFeedbackViewController.m */; };
		BAEA554C1AD9CFA700D8054F /* EMCellFeedback.m in Sources */ = {isa = PBXBuildFile; fileRef = BAEA554B1AD9CFA700D8054F /* EMCellFeedback.m */; };
		BAEA554F1AD9D0A400D8054F /* EMFeedbackItem.m in Sources */ = {isa = PBXBuildFile; fileRef = BAEA554E1AD9D0A400D8054F /* EMFeedbackItem.m */; };
		BAEA55581AD9EBA000D8054F /* EMCellSend.m in Sources */ = {isa = PBXBuildFile; fileRef = BAEA55571AD9EBA000D8054F /* EMCellSend.m */; };
		BAEA555B1ADA049900D8054F /* EMSessionManager.m in Sources */ = {isa = PBXBuildFile; fileRef = BAEA555A1ADA049900D8054F /* EMSessionManager.m */; };
		BAEA555E1ADA0AC600D8054F /* EMFeedback.m in Sources */ = {isa = PBXBuildFile; fileRef = BAEA555D1ADA0AC600D8054F /* EMFeedback.m */; };
		BAEA55611ADA3C7000D8054F /* EMFinalFeedbackViewController.m in Sources */ = {isa = PBXBuildFile; fileRef = BAEA55601ADA3C7000D8054F /* EMFinalFeedbackViewController.m */; };
		BAFE54521AD979840095706C /* EMAirport.m in Sources */ = {isa = PBXBuildFile; fileRef = BAFE54511AD979840095706C /* EMAirport.m */; };
		BAFE54561AD97B380095706C /* EMDataService.m in Sources */ = {isa = PBXBuildFile; fileRef = BAFE54551AD97B380095706C /* EMDataService.m */; };
		BAFE545C1AD990850095706C /* EMCellAirport.m in Sources */ = {isa = PBXBuildFile; fileRef = BAFE545B1AD990850095706C /* EMCellAirport.m */; };
		BAFE54601AD992B50095706C /* EMAirportsViewController.m in Sources */ = {isa = PBXBuildFile; fileRef = BAFE545F1AD992B50095706C /* EMAirportsViewController.m */; };
		BAFE54621AD9970B0095706C /* CellAirport.xib in Resources */ = {isa = PBXBuildFile; fileRef = BAFE54611AD9970B0095706C /* CellAirport.xib */; };
/* End PBXBuildFile section */

/* Begin PBXContainerItemProxy section */
		BA6B59361AD9507F00FC78F1 /* PBXContainerItemProxy */ = {
			isa = PBXContainerItemProxy;
			containerPortal = BA6B59141AD9507F00FC78F1 /* Project object */;
			proxyType = 1;
			remoteGlobalIDString = BA6B591B1AD9507F00FC78F1;
			remoteInfo = Embarque;
		};
/* End PBXContainerItemProxy section */

/* Begin PBXFileReference section */
		4BE155908C67D7F1762C7185 /* Pods-Embarque.debug.xcconfig */ = {isa = PBXFileReference; includeInIndex = 1; lastKnownFileType = text.xcconfig; name = "Pods-Embarque.debug.xcconfig"; path = "Pods/Target Support Files/Pods-Embarque/Pods-Embarque.debug.xcconfig"; sourceTree = "<group>"; };
		A5E6299B68433D8825154728 /* Pods-Embarque.release.xcconfig */ = {isa = PBXFileReference; includeInIndex = 1; lastKnownFileType = text.xcconfig; name = "Pods-Embarque.release.xcconfig"; path = "Pods/Target Support Files/Pods-Embarque/Pods-Embarque.release.xcconfig"; sourceTree = "<group>"; };
		A789D01D1AD9D57D00F9638E /* EMFeedViewController.h */ = {isa = PBXFileReference; fileEncoding = 4; lastKnownFileType = sourcecode.c.h; path = EMFeedViewController.h; sourceTree = "<group>"; };
		A789D01E1AD9D57D00F9638E /* EMFeedViewController.m */ = {isa = PBXFileReference; fileEncoding = 4; lastKnownFileType = sourcecode.c.objc; path = EMFeedViewController.m; sourceTree = "<group>"; };
		A789D0201AD9F9B300F9638E /* EMCellLoadingA.h */ = {isa = PBXFileReference; fileEncoding = 4; lastKnownFileType = sourcecode.c.h; path = EMCellLoadingA.h; sourceTree = "<group>"; };
		A789D0211AD9F9B300F9638E /* EMCellLoadingA.m */ = {isa = PBXFileReference; fileEncoding = 4; lastKnownFileType = sourcecode.c.objc; path = EMCellLoadingA.m; sourceTree = "<group>"; };
		A789D0251AD9FA7600F9638E /* CellLoadingA.xib */ = {isa = PBXFileReference; fileEncoding = 4; lastKnownFileType = file.xib; path = CellLoadingA.xib; sourceTree = "<group>"; };
		A789D0271AD9FBCA00F9638E /* EMCellEmptyA.h */ = {isa = PBXFileReference; fileEncoding = 4; lastKnownFileType = sourcecode.c.h; path = EMCellEmptyA.h; sourceTree = "<group>"; };
		A789D0281AD9FBCA00F9638E /* EMCellEmptyA.m */ = {isa = PBXFileReference; fileEncoding = 4; lastKnownFileType = sourcecode.c.objc; path = EMCellEmptyA.m; sourceTree = "<group>"; };
		A789D0291AD9FBCA00F9638E /* CellEmptyA.xib */ = {isa = PBXFileReference; fileEncoding = 4; lastKnownFileType = file.xib; path = CellEmptyA.xib; sourceTree = "<group>"; };
		A789D02C1ADA14C200F9638E /* UIScreen+MXAdditions.h */ = {isa = PBXFileReference; fileEncoding = 4; lastKnownFileType = sourcecode.c.h; path = "UIScreen+MXAdditions.h"; sourceTree = "<group>"; };
		A789D02D1ADA14C200F9638E /* UIScreen+MXAdditions.m */ = {isa = PBXFileReference; fileEncoding = 4; lastKnownFileType = sourcecode.c.objc; path = "UIScreen+MXAdditions.m"; sourceTree = "<group>"; };
		A789D0301ADA220C00F9638E /* NSMutableArray+MXAdditions.h */ = {isa = PBXFileReference; fileEncoding = 4; lastKnownFileType = sourcecode.c.h; path = "NSMutableArray+MXAdditions.h"; sourceTree = "<group>"; };
		A789D0311ADA220C00F9638E /* NSMutableArray+MXAdditions.m */ = {isa = PBXFileReference; fileEncoding = 4; lastKnownFileType = sourcecode.c.objc; path = "NSMutableArray+MXAdditions.m"; sourceTree = "<group>"; };
		A789D0321ADA220C00F9638E /* NSNumber+MXAdditions.h */ = {isa = PBXFileReference; fileEncoding = 4; lastKnownFileType = sourcecode.c.h; path = "NSNumber+MXAdditions.h"; sourceTree = "<group>"; };
		A789D0331ADA220C00F9638E /* NSNumber+MXAdditions.m */ = {isa = PBXFileReference; fileEncoding = 4; lastKnownFileType = sourcecode.c.objc; path = "NSNumber+MXAdditions.m"; sourceTree = "<group>"; };
		A789D0341ADA220C00F9638E /* NSString+MXAdditions.h */ = {isa = PBXFileReference; fileEncoding = 4; lastKnownFileType = sourcecode.c.h; path = "NSString+MXAdditions.h"; sourceTree = "<group>"; };
		A789D0351ADA220C00F9638E /* NSString+MXAdditions.m */ = {isa = PBXFileReference; fileEncoding = 4; lastKnownFileType = sourcecode.c.objc; path = "NSString+MXAdditions.m"; sourceTree = "<group>"; };
		A789D0361ADA220C00F9638E /* UIView+MXAdditions.h */ = {isa = PBXFileReference; fileEncoding = 4; lastKnownFileType = sourcecode.c.h; path = "UIView+MXAdditions.h"; sourceTree = "<group>"; };
		A789D0371ADA220C00F9638E /* UIView+MXAdditions.m */ = {isa = PBXFileReference; fileEncoding = 4; lastKnownFileType = sourcecode.c.objc; path = "UIView+MXAdditions.m"; sourceTree = "<group>"; };
		A789D03C1ADA23FE00F9638E /* EMDetailViewController.h */ = {isa = PBXFileReference; fileEncoding = 4; lastKnownFileType = sourcecode.c.h; path = EMDetailViewController.h; sourceTree = "<group>"; };
		A789D03D1ADA23FE00F9638E /* EMDetailViewController.m */ = {isa = PBXFileReference; fileEncoding = 4; lastKnownFileType = sourcecode.c.objc; path = EMDetailViewController.m; sourceTree = "<group>"; };
		A789D03F1ADA332400F9638E /* EMBaseViewController.h */ = {isa = PBXFileReference; fileEncoding = 4; lastKnownFileType = sourcecode.c.h; path = EMBaseViewController.h; sourceTree = "<group>"; };
		A789D0401ADA332400F9638E /* EMBaseViewController.m */ = {isa = PBXFileReference; fileEncoding = 4; lastKnownFileType = sourcecode.c.objc; path = EMBaseViewController.m; sourceTree = "<group>"; };
		A789D0421ADA64F900F9638E /* EMCellRating.h */ = {isa = PBXFileReference; fileEncoding = 4; lastKnownFileType = sourcecode.c.h; path = EMCellRating.h; sourceTree = "<group>"; };
		A789D0431ADA64F900F9638E /* EMCellRating.m */ = {isa = PBXFileReference; fileEncoding = 4; lastKnownFileType = sourcecode.c.objc; path = EMCellRating.m; sourceTree = "<group>"; };
		BA6B591C1AD9507F00FC78F1 /* Embarque.app */ = {isa = PBXFileReference; explicitFileType = wrapper.application; includeInIndex = 0; path = Embarque.app; sourceTree = BUILT_PRODUCTS_DIR; };
		BA6B59201AD9507F00FC78F1 /* Info.plist */ = {isa = PBXFileReference; lastKnownFileType = text.plist.xml; path = Info.plist; sourceTree = "<group>"; };
		BA6B59211AD9507F00FC78F1 /* main.m */ = {isa = PBXFileReference; lastKnownFileType = sourcecode.c.objc; path = main.m; sourceTree = "<group>"; };
		BA6B59231AD9507F00FC78F1 /* AppDelegate.h */ = {isa = PBXFileReference; lastKnownFileType = sourcecode.c.h; path = AppDelegate.h; sourceTree = "<group>"; };
		BA6B59241AD9507F00FC78F1 /* AppDelegate.m */ = {isa = PBXFileReference; lastKnownFileType = sourcecode.c.objc; path = AppDelegate.m; sourceTree = "<group>"; };
		BA6B592A1AD9507F00FC78F1 /* Base */ = {isa = PBXFileReference; lastKnownFileType = file.storyboard; name = Base; path = Base.lproj/Main.storyboard; sourceTree = "<group>"; };
		BA6B592C1AD9507F00FC78F1 /* Images.xcassets */ = {isa = PBXFileReference; lastKnownFileType = folder.assetcatalog; path = Images.xcassets; sourceTree = "<group>"; };
		BA6B592F1AD9507F00FC78F1 /* Base */ = {isa = PBXFileReference; lastKnownFileType = file.xib; name = Base; path = Base.lproj/LaunchScreen.xib; sourceTree = "<group>"; };
		BA6B59351AD9507F00FC78F1 /* EmbarqueTests.xctest */ = {isa = PBXFileReference; explicitFileType = wrapper.cfbundle; includeInIndex = 0; path = EmbarqueTests.xctest; sourceTree = BUILT_PRODUCTS_DIR; };
		BA6B593A1AD9507F00FC78F1 /* Info.plist */ = {isa = PBXFileReference; lastKnownFileType = text.plist.xml; path = Info.plist; sourceTree = "<group>"; };
		BA6B593B1AD9507F00FC78F1 /* EmbarqueTests.m */ = {isa = PBXFileReference; lastKnownFileType = sourcecode.c.objc; path = EmbarqueTests.m; sourceTree = "<group>"; };
		BAEA55421AD9C00B00D8054F /* Feedback.storyboard */ = {isa = PBXFileReference; fileEncoding = 4; lastKnownFileType = file.storyboard; path = Feedback.storyboard; sourceTree = "<group>"; };
		BAEA55441AD9C42800D8054F /* EMFeedbackViewController.h */ = {isa = PBXFileReference; fileEncoding = 4; lastKnownFileType = sourcecode.c.h; name = EMFeedbackViewController.h; path = Controller/EMFeedbackViewController.h; sourceTree = "<group>"; };
		BAEA55451AD9C42800D8054F /* EMFeedbackViewController.m */ = {isa = PBXFileReference; fileEncoding = 4; lastKnownFileType = sourcecode.c.objc; name = EMFeedbackViewController.m; path = Controller/EMFeedbackViewController.m; sourceTree = "<group>"; };
		BAEA554A1AD9CFA700D8054F /* EMCellFeedback.h */ = {isa = PBXFileReference; fileEncoding = 4; lastKnownFileType = sourcecode.c.h; name = EMCellFeedback.h; path = View/EMCellFeedback.h; sourceTree = "<group>"; };
		BAEA554B1AD9CFA700D8054F /* EMCellFeedback.m */ = {isa = PBXFileReference; fileEncoding = 4; lastKnownFileType = sourcecode.c.objc; name = EMCellFeedback.m; path = View/EMCellFeedback.m; sourceTree = "<group>"; };
		BAEA554D1AD9D0A400D8054F /* EMFeedbackItem.h */ = {isa = PBXFileReference; fileEncoding = 4; lastKnownFileType = sourcecode.c.h; name = EMFeedbackItem.h; path = Model/EMFeedbackItem.h; sourceTree = "<group>"; };
		BAEA554E1AD9D0A400D8054F /* EMFeedbackItem.m */ = {isa = PBXFileReference; fileEncoding = 4; lastKnownFileType = sourcecode.c.objc; name = EMFeedbackItem.m; path = Model/EMFeedbackItem.m; sourceTree = "<group>"; };
		BAEA55561AD9EBA000D8054F /* EMCellSend.h */ = {isa = PBXFileReference; fileEncoding = 4; lastKnownFileType = sourcecode.c.h; name = EMCellSend.h; path = View/EMCellSend.h; sourceTree = "<group>"; };
		BAEA55571AD9EBA000D8054F /* EMCellSend.m */ = {isa = PBXFileReference; fileEncoding = 4; lastKnownFileType = sourcecode.c.objc; name = EMCellSend.m; path = View/EMCellSend.m; sourceTree = "<group>"; };
		BAEA55591ADA049900D8054F /* EMSessionManager.h */ = {isa = PBXFileReference; fileEncoding = 4; lastKnownFileType = sourcecode.c.h; name = EMSessionManager.h; path = Service/EMSessionManager.h; sourceTree = "<group>"; };
		BAEA555A1ADA049900D8054F /* EMSessionManager.m */ = {isa = PBXFileReference; fileEncoding = 4; lastKnownFileType = sourcecode.c.objc; name = EMSessionManager.m; path = Service/EMSessionManager.m; sourceTree = "<group>"; };
		BAEA555C1ADA0AC600D8054F /* EMFeedback.h */ = {isa = PBXFileReference; fileEncoding = 4; lastKnownFileType = sourcecode.c.h; name = EMFeedback.h; path = Model/EMFeedback.h; sourceTree = "<group>"; };
		BAEA555D1ADA0AC600D8054F /* EMFeedback.m */ = {isa = PBXFileReference; fileEncoding = 4; lastKnownFileType = sourcecode.c.objc; name = EMFeedback.m; path = Model/EMFeedback.m; sourceTree = "<group>"; };
		BAEA555F1ADA3C7000D8054F /* EMFinalFeedbackViewController.h */ = {isa = PBXFileReference; fileEncoding = 4; lastKnownFileType = sourcecode.c.h; name = EMFinalFeedbackViewController.h; path = Controller/EMFinalFeedbackViewController.h; sourceTree = "<group>"; };
		BAEA55601ADA3C7000D8054F /* EMFinalFeedbackViewController.m */ = {isa = PBXFileReference; fileEncoding = 4; lastKnownFileType = sourcecode.c.objc; name = EMFinalFeedbackViewController.m; path = Controller/EMFinalFeedbackViewController.m; sourceTree = "<group>"; };
		BAFE54501AD979840095706C /* EMAirport.h */ = {isa = PBXFileReference; fileEncoding = 4; lastKnownFileType = sourcecode.c.h; name = EMAirport.h; path = Model/EMAirport.h; sourceTree = "<group>"; };
		BAFE54511AD979840095706C /* EMAirport.m */ = {isa = PBXFileReference; fileEncoding = 4; lastKnownFileType = sourcecode.c.objc; name = EMAirport.m; path = Model/EMAirport.m; sourceTree = "<group>"; };
		BAFE54541AD97B380095706C /* EMDataService.h */ = {isa = PBXFileReference; fileEncoding = 4; lastKnownFileType = sourcecode.c.h; name = EMDataService.h; path = Service/EMDataService.h; sourceTree = "<group>"; };
		BAFE54551AD97B380095706C /* EMDataService.m */ = {isa = PBXFileReference; fileEncoding = 4; lastKnownFileType = sourcecode.c.objc; name = EMDataService.m; path = Service/EMDataService.m; sourceTree = "<group>"; };
		BAFE545A1AD990850095706C /* EMCellAirport.h */ = {isa = PBXFileReference; fileEncoding = 4; lastKnownFileType = sourcecode.c.h; name = EMCellAirport.h; path = View/EMCellAirport.h; sourceTree = "<group>"; };
		BAFE545B1AD990850095706C /* EMCellAirport.m */ = {isa = PBXFileReference; fileEncoding = 4; lastKnownFileType = sourcecode.c.objc; name = EMCellAirport.m; path = View/EMCellAirport.m; sourceTree = "<group>"; };
		BAFE545E1AD992B50095706C /* EMAirportsViewController.h */ = {isa = PBXFileReference; fileEncoding = 4; lastKnownFileType = sourcecode.c.h; name = EMAirportsViewController.h; path = Controller/EMAirportsViewController.h; sourceTree = "<group>"; };
		BAFE545F1AD992B50095706C /* EMAirportsViewController.m */ = {isa = PBXFileReference; fileEncoding = 4; lastKnownFileType = sourcecode.c.objc; name = EMAirportsViewController.m; path = Controller/EMAirportsViewController.m; sourceTree = "<group>"; };
		BAFE54611AD9970B0095706C /* CellAirport.xib */ = {isa = PBXFileReference; fileEncoding = 4; lastKnownFileType = file.xib; name = CellAirport.xib; path = View/CellAirport.xib; sourceTree = "<group>"; };
		F22208933B9394CA88667152 /* libPods-Embarque.a */ = {isa = PBXFileReference; explicitFileType = archive.ar; includeInIndex = 0; path = "libPods-Embarque.a"; sourceTree = BUILT_PRODUCTS_DIR; };
/* End PBXFileReference section */

/* Begin PBXFrameworksBuildPhase section */
		BA6B59191AD9507F00FC78F1 /* Frameworks */ = {
			isa = PBXFrameworksBuildPhase;
			buildActionMask = 2147483647;
			files = (
				20E67242ED49EFBFC76CBC3F /* libPods-Embarque.a in Frameworks */,
			);
			runOnlyForDeploymentPostprocessing = 0;
		};
		BA6B59321AD9507F00FC78F1 /* Frameworks */ = {
			isa = PBXFrameworksBuildPhase;
			buildActionMask = 2147483647;
			files = (
			);
			runOnlyForDeploymentPostprocessing = 0;
		};
/* End PBXFrameworksBuildPhase section */

/* Begin PBXGroup section */
		4C6367217F79FB5C94E69E5C /* Pods */ = {
			isa = PBXGroup;
			children = (
				4BE155908C67D7F1762C7185 /* Pods-Embarque.debug.xcconfig */,
				A5E6299B68433D8825154728 /* Pods-Embarque.release.xcconfig */,
			);
			name = Pods;
			sourceTree = "<group>";
		};
		7A6004F63ABDFBCE871CE3BE /* Frameworks */ = {
			isa = PBXGroup;
			children = (
				F22208933B9394CA88667152 /* libPods-Embarque.a */,
			);
			name = Frameworks;
			sourceTree = "<group>";
		};
		A789D02F1ADA14C600F9638E /* Categories */ = {
			isa = PBXGroup;
			children = (
				A789D02C1ADA14C200F9638E /* UIScreen+MXAdditions.h */,
				A789D02D1ADA14C200F9638E /* UIScreen+MXAdditions.m */,
				A789D0301ADA220C00F9638E /* NSMutableArray+MXAdditions.h */,
				A789D0311ADA220C00F9638E /* NSMutableArray+MXAdditions.m */,
				A789D0321ADA220C00F9638E /* NSNumber+MXAdditions.h */,
				A789D0331ADA220C00F9638E /* NSNumber+MXAdditions.m */,
				A789D0341ADA220C00F9638E /* NSString+MXAdditions.h */,
				A789D0351ADA220C00F9638E /* NSString+MXAdditions.m */,
				A789D0361ADA220C00F9638E /* UIView+MXAdditions.h */,
				A789D0371ADA220C00F9638E /* UIView+MXAdditions.m */,
			);
			name = Categories;
			sourceTree = "<group>";
		};
		BA6B59131AD9507F00FC78F1 = {
			isa = PBXGroup;
			children = (
				BA6B591E1AD9507F00FC78F1 /* Embarque */,
				BA6B59381AD9507F00FC78F1 /* EmbarqueTests */,
				BA6B591D1AD9507F00FC78F1 /* Products */,
				4C6367217F79FB5C94E69E5C /* Pods */,
				7A6004F63ABDFBCE871CE3BE /* Frameworks */,
			);
			sourceTree = "<group>";
		};
		BA6B591D1AD9507F00FC78F1 /* Products */ = {
			isa = PBXGroup;
			children = (
				BA6B591C1AD9507F00FC78F1 /* Embarque.app */,
				BA6B59351AD9507F00FC78F1 /* EmbarqueTests.xctest */,
			);
			name = Products;
			sourceTree = "<group>";
		};
		BA6B591E1AD9507F00FC78F1 /* Embarque */ = {
			isa = PBXGroup;
			children = (
				A789D02F1ADA14C600F9638E /* Categories */,
				BAFE545D1AD9928B0095706C /* Controller */,
				BAFE54591AD98EF70095706C /* View */,
				BAFE54531AD97AE90095706C /* Service */,
				BAFE544F1AD978A80095706C /* Model */,
				BA6B59231AD9507F00FC78F1 /* AppDelegate.h */,
				BA6B59241AD9507F00FC78F1 /* AppDelegate.m */,
				BA6B59291AD9507F00FC78F1 /* Main.storyboard */,
				BAEA55421AD9C00B00D8054F /* Feedback.storyboard */,
				BA6B592C1AD9507F00FC78F1 /* Images.xcassets */,
				BA6B592E1AD9507F00FC78F1 /* LaunchScreen.xib */,
				BA6B591F1AD9507F00FC78F1 /* Supporting Files */,
			);
			path = Embarque;
			sourceTree = "<group>";
		};
		BA6B591F1AD9507F00FC78F1 /* Supporting Files */ = {
			isa = PBXGroup;
			children = (
				BA6B59201AD9507F00FC78F1 /* Info.plist */,
				BA6B59211AD9507F00FC78F1 /* main.m */,
			);
			name = "Supporting Files";
			sourceTree = "<group>";
		};
		BA6B59381AD9507F00FC78F1 /* EmbarqueTests */ = {
			isa = PBXGroup;
			children = (
				BA6B593B1AD9507F00FC78F1 /* EmbarqueTests.m */,
				BA6B59391AD9507F00FC78F1 /* Supporting Files */,
			);
			path = EmbarqueTests;
			sourceTree = "<group>";
		};
		BA6B59391AD9507F00FC78F1 /* Supporting Files */ = {
			isa = PBXGroup;
			children = (
				BA6B593A1AD9507F00FC78F1 /* Info.plist */,
			);
			name = "Supporting Files";
			sourceTree = "<group>";
		};
		BAFE544F1AD978A80095706C /* Model */ = {
			isa = PBXGroup;
			children = (
				BAFE54501AD979840095706C /* EMAirport.h */,
				BAFE54511AD979840095706C /* EMAirport.m */,
				BAEA554D1AD9D0A400D8054F /* EMFeedbackItem.h */,
				BAEA554E1AD9D0A400D8054F /* EMFeedbackItem.m */,
				BAEA555C1ADA0AC600D8054F /* EMFeedback.h */,
				BAEA555D1ADA0AC600D8054F /* EMFeedback.m */,
			);
			name = Model;
			sourceTree = "<group>";
		};
		BAFE54531AD97AE90095706C /* Service */ = {
			isa = PBXGroup;
			children = (
				BAFE54541AD97B380095706C /* EMDataService.h */,
				BAFE54551AD97B380095706C /* EMDataService.m */,
				BAEA55591ADA049900D8054F /* EMSessionManager.h */,
				BAEA555A1ADA049900D8054F /* EMSessionManager.m */,
			);
			name = Service;
			sourceTree = "<group>";
		};
		BAFE54591AD98EF70095706C /* View */ = {
			isa = PBXGroup;
			children = (
				BAFE545A1AD990850095706C /* EMCellAirport.h */,
				BAFE545B1AD990850095706C /* EMCellAirport.m */,
				BAFE54611AD9970B0095706C /* CellAirport.xib */,
				A789D0201AD9F9B300F9638E /* EMCellLoadingA.h */,
				A789D0211AD9F9B300F9638E /* EMCellLoadingA.m */,
				A789D0251AD9FA7600F9638E /* CellLoadingA.xib */,
				A789D0271AD9FBCA00F9638E /* EMCellEmptyA.h */,
				A789D0281AD9FBCA00F9638E /* EMCellEmptyA.m */,
				A789D0291AD9FBCA00F9638E /* CellEmptyA.xib */,
				BAEA554A1AD9CFA700D8054F /* EMCellFeedback.h */,
				BAEA554B1AD9CFA700D8054F /* EMCellFeedback.m */,
				BAEA55561AD9EBA000D8054F /* EMCellSend.h */,
				BAEA55571AD9EBA000D8054F /* EMCellSend.m */,
				A789D0421ADA64F900F9638E /* EMCellRating.h */,
				A789D0431ADA64F900F9638E /* EMCellRating.m */,
			);
			name = View;
			sourceTree = "<group>";
		};
		BAFE545D1AD9928B0095706C /* Controller */ = {
			isa = PBXGroup;
			children = (
				BAFE545E1AD992B50095706C /* EMAirportsViewController.h */,
				BAFE545F1AD992B50095706C /* EMAirportsViewController.m */,
				A789D03C1ADA23FE00F9638E /* EMDetailViewController.h */,
				A789D03D1ADA23FE00F9638E /* EMDetailViewController.m */,
				A789D01D1AD9D57D00F9638E /* EMFeedViewController.h */,
				A789D01E1AD9D57D00F9638E /* EMFeedViewController.m */,
				BAEA55441AD9C42800D8054F /* EMFeedbackViewController.h */,
				BAEA55451AD9C42800D8054F /* EMFeedbackViewController.m */,
				BAEA555F1ADA3C7000D8054F /* EMFinalFeedbackViewController.h */,
				BAEA55601ADA3C7000D8054F /* EMFinalFeedbackViewController.m */,
				A789D03F1ADA332400F9638E /* EMBaseViewController.h */,
				A789D0401ADA332400F9638E /* EMBaseViewController.m */,
			);
			name = Controller;
			sourceTree = "<group>";
		};
/* End PBXGroup section */

/* Begin PBXNativeTarget section */
		BA6B591B1AD9507F00FC78F1 /* Embarque */ = {
			isa = PBXNativeTarget;
			buildConfigurationList = BA6B593F1AD9507F00FC78F1 /* Build configuration list for PBXNativeTarget "Embarque" */;
			buildPhases = (
				44659FD4B016992BF81BD82D /* Check Pods Manifest.lock */,
				BA6B59181AD9507F00FC78F1 /* Sources */,
				BA6B59191AD9507F00FC78F1 /* Frameworks */,
				BA6B591A1AD9507F00FC78F1 /* Resources */,
				C9CCEC047FE5CDCD95769F86 /* Copy Pods Resources */,
			);
			buildRules = (
			);
			dependencies = (
			);
			name = Embarque;
			productName = Embarque;
			productReference = BA6B591C1AD9507F00FC78F1 /* Embarque.app */;
			productType = "com.apple.product-type.application";
		};
		BA6B59341AD9507F00FC78F1 /* EmbarqueTests */ = {
			isa = PBXNativeTarget;
			buildConfigurationList = BA6B59421AD9507F00FC78F1 /* Build configuration list for PBXNativeTarget "EmbarqueTests" */;
			buildPhases = (
				BA6B59311AD9507F00FC78F1 /* Sources */,
				BA6B59321AD9507F00FC78F1 /* Frameworks */,
				BA6B59331AD9507F00FC78F1 /* Resources */,
			);
			buildRules = (
			);
			dependencies = (
				BA6B59371AD9507F00FC78F1 /* PBXTargetDependency */,
			);
			name = EmbarqueTests;
			productName = EmbarqueTests;
			productReference = BA6B59351AD9507F00FC78F1 /* EmbarqueTests.xctest */;
			productType = "com.apple.product-type.bundle.unit-test";
		};
/* End PBXNativeTarget section */

/* Begin PBXProject section */
		BA6B59141AD9507F00FC78F1 /* Project object */ = {
			isa = PBXProject;
			attributes = {
				LastUpgradeCheck = 0610;
				ORGANIZATIONNAME = "Cleber Henriques";
				TargetAttributes = {
					BA6B591B1AD9507F00FC78F1 = {
						CreatedOnToolsVersion = 6.1.1;
						DevelopmentTeam = U4D7MD5WUL;
					};
					BA6B59341AD9507F00FC78F1 = {
						CreatedOnToolsVersion = 6.1.1;
						DevelopmentTeam = U4D7MD5WUL;
						TestTargetID = BA6B591B1AD9507F00FC78F1;
					};
				};
			};
			buildConfigurationList = BA6B59171AD9507F00FC78F1 /* Build configuration list for PBXProject "Embarque" */;
			compatibilityVersion = "Xcode 3.2";
			developmentRegion = English;
			hasScannedForEncodings = 0;
			knownRegions = (
				en,
				Base,
			);
			mainGroup = BA6B59131AD9507F00FC78F1;
			productRefGroup = BA6B591D1AD9507F00FC78F1 /* Products */;
			projectDirPath = "";
			projectRoot = "";
			targets = (
				BA6B591B1AD9507F00FC78F1 /* Embarque */,
				BA6B59341AD9507F00FC78F1 /* EmbarqueTests */,
			);
		};
/* End PBXProject section */

/* Begin PBXResourcesBuildPhase section */
		BA6B591A1AD9507F00FC78F1 /* Resources */ = {
			isa = PBXResourcesBuildPhase;
			buildActionMask = 2147483647;
			files = (
				A789D0261AD9FA7600F9638E /* CellLoadingA.xib in Resources */,
				BA6B592B1AD9507F00FC78F1 /* Main.storyboard in Resources */,
				BAFE54621AD9970B0095706C /* CellAirport.xib in Resources */,
				BAEA55431AD9C00B00D8054F /* Feedback.storyboard in Resources */,
				BA6B59301AD9507F00FC78F1 /* LaunchScreen.xib in Resources */,
				A789D02B1AD9FBCA00F9638E /* CellEmptyA.xib in Resources */,
				BA6B592D1AD9507F00FC78F1 /* Images.xcassets in Resources */,
			);
			runOnlyForDeploymentPostprocessing = 0;
		};
		BA6B59331AD9507F00FC78F1 /* Resources */ = {
			isa = PBXResourcesBuildPhase;
			buildActionMask = 2147483647;
			files = (
			);
			runOnlyForDeploymentPostprocessing = 0;
		};
/* End PBXResourcesBuildPhase section */

/* Begin PBXShellScriptBuildPhase section */
		44659FD4B016992BF81BD82D /* Check Pods Manifest.lock */ = {
			isa = PBXShellScriptBuildPhase;
			buildActionMask = 2147483647;
			files = (
			);
			inputPaths = (
			);
			name = "Check Pods Manifest.lock";
			outputPaths = (
			);
			runOnlyForDeploymentPostprocessing = 0;
			shellPath = /bin/sh;
			shellScript = "diff \"${PODS_ROOT}/../Podfile.lock\" \"${PODS_ROOT}/Manifest.lock\" > /dev/null\nif [[ $? != 0 ]] ; then\n    cat << EOM\nerror: The sandbox is not in sync with the Podfile.lock. Run 'pod install' or update your CocoaPods installation.\nEOM\n    exit 1\nfi\n";
			showEnvVarsInLog = 0;
		};
		C9CCEC047FE5CDCD95769F86 /* Copy Pods Resources */ = {
			isa = PBXShellScriptBuildPhase;
			buildActionMask = 2147483647;
			files = (
			);
			inputPaths = (
			);
			name = "Copy Pods Resources";
			outputPaths = (
			);
			runOnlyForDeploymentPostprocessing = 0;
			shellPath = /bin/sh;
			shellScript = "\"${SRCROOT}/Pods/Target Support Files/Pods-Embarque/Pods-Embarque-resources.sh\"\n";
			showEnvVarsInLog = 0;
		};
/* End PBXShellScriptBuildPhase section */

/* Begin PBXSourcesBuildPhase section */
		BA6B59181AD9507F00FC78F1 /* Sources */ = {
			isa = PBXSourcesBuildPhase;
			buildActionMask = 2147483647;
			files = (
				BAFE54601AD992B50095706C /* EMAirportsViewController.m in Sources */,
				A789D02A1AD9FBCA00F9638E /* EMCellEmptyA.m in Sources */,
				BAEA555B1ADA049900D8054F /* EMSessionManager.m in Sources */,
				A789D0411ADA332400F9638E /* EMBaseViewController.m in Sources */,
				BAEA555E1ADA0AC600D8054F /* EMFeedback.m in Sources */,
				BAFE54521AD979840095706C /* EMAirport.m in Sources */,
				A789D0221AD9F9B300F9638E /* EMCellLoadingA.m in Sources */,
				BAEA554F1AD9D0A400D8054F /* EMFeedbackItem.m in Sources */,
				A789D0441ADA64F900F9638E /* EMCellRating.m in Sources */,
				BAEA554C1AD9CFA700D8054F /* EMCellFeedback.m in Sources */,
				BAFE545C1AD990850095706C /* EMCellAirport.m in Sources */,
				BAEA55461AD9C42800D8054F /* EMFeedbackViewController.m in Sources */,
				BAEA55611ADA3C7000D8054F /* EMFinalFeedbackViewController.m in Sources */,
				BA6B59251AD9507F00FC78F1 /* AppDelegate.m in Sources */,
				A789D0391ADA220C00F9638E /* NSNumber+MXAdditions.m in Sources */,
				A789D03B1ADA220C00F9638E /* UIView+MXAdditions.m in Sources */,
				BA6B59221AD9507F00FC78F1 /* main.m in Sources */,
				A789D03E1ADA23FE00F9638E /* EMDetailViewController.m in Sources */,
				BAFE54561AD97B380095706C /* EMDataService.m in Sources */,
				A789D03A1ADA220C00F9638E /* NSString+MXAdditions.m in Sources */,
				A789D02E1ADA14C200F9638E /* UIScreen+MXAdditions.m in Sources */,
				A789D0381ADA220C00F9638E /* NSMutableArray+MXAdditions.m in Sources */,
				A789D01F1AD9D57D00F9638E /* EMFeedViewController.m in Sources */,
				BAEA55581AD9EBA000D8054F /* EMCellSend.m in Sources */,
			);
			runOnlyForDeploymentPostprocessing = 0;
		};
		BA6B59311AD9507F00FC78F1 /* Sources */ = {
			isa = PBXSourcesBuildPhase;
			buildActionMask = 2147483647;
			files = (
				BA6B593C1AD9507F00FC78F1 /* EmbarqueTests.m in Sources */,
			);
			runOnlyForDeploymentPostprocessing = 0;
		};
/* End PBXSourcesBuildPhase section */

/* Begin PBXTargetDependency section */
		BA6B59371AD9507F00FC78F1 /* PBXTargetDependency */ = {
			isa = PBXTargetDependency;
			target = BA6B591B1AD9507F00FC78F1 /* Embarque */;
			targetProxy = BA6B59361AD9507F00FC78F1 /* PBXContainerItemProxy */;
		};
/* End PBXTargetDependency section */

/* Begin PBXVariantGroup section */
		BA6B59291AD9507F00FC78F1 /* Main.storyboard */ = {
			isa = PBXVariantGroup;
			children = (
				BA6B592A1AD9507F00FC78F1 /* Base */,
			);
			name = Main.storyboard;
			sourceTree = "<group>";
		};
		BA6B592E1AD9507F00FC78F1 /* LaunchScreen.xib */ = {
			isa = PBXVariantGroup;
			children = (
				BA6B592F1AD9507F00FC78F1 /* Base */,
			);
			name = LaunchScreen.xib;
			sourceTree = "<group>";
		};
/* End PBXVariantGroup section */

/* Begin XCBuildConfiguration section */
		BA6B593D1AD9507F00FC78F1 /* Debug */ = {
			isa = XCBuildConfiguration;
			buildSettings = {
				ALWAYS_SEARCH_USER_PATHS = NO;
				CLANG_CXX_LANGUAGE_STANDARD = "gnu++0x";
				CLANG_CXX_LIBRARY = "libc++";
				CLANG_ENABLE_MODULES = YES;
				CLANG_ENABLE_OBJC_ARC = YES;
				CLANG_WARN_BOOL_CONVERSION = YES;
				CLANG_WARN_CONSTANT_CONVERSION = YES;
				CLANG_WARN_DIRECT_OBJC_ISA_USAGE = YES_ERROR;
				CLANG_WARN_EMPTY_BODY = YES;
				CLANG_WARN_ENUM_CONVERSION = YES;
				CLANG_WARN_INT_CONVERSION = YES;
				CLANG_WARN_OBJC_ROOT_CLASS = YES_ERROR;
				CLANG_WARN_UNREACHABLE_CODE = YES;
				CLANG_WARN__DUPLICATE_METHOD_MATCH = YES;
				"CODE_SIGN_IDENTITY[sdk=iphoneos*]" = "iPhone Developer";
				COPY_PHASE_STRIP = NO;
				ENABLE_STRICT_OBJC_MSGSEND = YES;
				GCC_C_LANGUAGE_STANDARD = gnu99;
				GCC_DYNAMIC_NO_PIC = NO;
				GCC_OPTIMIZATION_LEVEL = 0;
				GCC_PREPROCESSOR_DEFINITIONS = (
					"DEBUG=1",
					"$(inherited)",
				);
				GCC_SYMBOLS_PRIVATE_EXTERN = NO;
				GCC_WARN_64_TO_32_BIT_CONVERSION = YES;
				GCC_WARN_ABOUT_RETURN_TYPE = YES_ERROR;
				GCC_WARN_UNDECLARED_SELECTOR = YES;
				GCC_WARN_UNINITIALIZED_AUTOS = YES_AGGRESSIVE;
				GCC_WARN_UNUSED_FUNCTION = YES;
				GCC_WARN_UNUSED_VARIABLE = YES;
				IPHONEOS_DEPLOYMENT_TARGET = 8.1;
				MTL_ENABLE_DEBUG_INFO = YES;
				ONLY_ACTIVE_ARCH = YES;
				SDKROOT = iphoneos;
				TARGETED_DEVICE_FAMILY = "1,2";
			};
			name = Debug;
		};
		BA6B593E1AD9507F00FC78F1 /* Release */ = {
			isa = XCBuildConfiguration;
			buildSettings = {
				ALWAYS_SEARCH_USER_PATHS = NO;
				CLANG_CXX_LANGUAGE_STANDARD = "gnu++0x";
				CLANG_CXX_LIBRARY = "libc++";
				CLANG_ENABLE_MODULES = YES;
				CLANG_ENABLE_OBJC_ARC = YES;
				CLANG_WARN_BOOL_CONVERSION = YES;
				CLANG_WARN_CONSTANT_CONVERSION = YES;
				CLANG_WARN_DIRECT_OBJC_ISA_USAGE = YES_ERROR;
				CLANG_WARN_EMPTY_BODY = YES;
				CLANG_WARN_ENUM_CONVERSION = YES;
				CLANG_WARN_INT_CONVERSION = YES;
				CLANG_WARN_OBJC_ROOT_CLASS = YES_ERROR;
				CLANG_WARN_UNREACHABLE_CODE = YES;
				CLANG_WARN__DUPLICATE_METHOD_MATCH = YES;
				"CODE_SIGN_IDENTITY[sdk=iphoneos*]" = "iPhone Developer";
				COPY_PHASE_STRIP = YES;
				ENABLE_NS_ASSERTIONS = NO;
				ENABLE_STRICT_OBJC_MSGSEND = YES;
				GCC_C_LANGUAGE_STANDARD = gnu99;
				GCC_WARN_64_TO_32_BIT_CONVERSION = YES;
				GCC_WARN_ABOUT_RETURN_TYPE = YES_ERROR;
				GCC_WARN_UNDECLARED_SELECTOR = YES;
				GCC_WARN_UNINITIALIZED_AUTOS = YES_AGGRESSIVE;
				GCC_WARN_UNUSED_FUNCTION = YES;
				GCC_WARN_UNUSED_VARIABLE = YES;
				IPHONEOS_DEPLOYMENT_TARGET = 8.1;
				MTL_ENABLE_DEBUG_INFO = NO;
				SDKROOT = iphoneos;
				TARGETED_DEVICE_FAMILY = "1,2";
				VALIDATE_PRODUCT = YES;
			};
			name = Release;
		};
		BA6B59401AD9507F00FC78F1 /* Debug */ = {
			isa = XCBuildConfiguration;
			baseConfigurationReference = 4BE155908C67D7F1762C7185 /* Pods-Embarque.debug.xcconfig */;
			buildSettings = {
				ASSETCATALOG_COMPILER_APPICON_NAME = AppIcon;
				CODE_SIGN_IDENTITY = "iPhone Developer";
				"CODE_SIGN_IDENTITY[sdk=iphoneos*]" = "iPhone Developer";
				INFOPLIST_FILE = Embarque/Info.plist;
				IPHONEOS_DEPLOYMENT_TARGET = 7.0;
				LD_RUNPATH_SEARCH_PATHS = "$(inherited) @executable_path/Frameworks";
				PRODUCT_NAME = "$(TARGET_NAME)";
				PROVISIONING_PROFILE = "";
			};
			name = Debug;
		};
		BA6B59411AD9507F00FC78F1 /* Release */ = {
			isa = XCBuildConfiguration;
			baseConfigurationReference = A5E6299B68433D8825154728 /* Pods-Embarque.release.xcconfig */;
			buildSettings = {
				ASSETCATALOG_COMPILER_APPICON_NAME = AppIcon;
				CODE_SIGN_IDENTITY = "iPhone Developer";
				"CODE_SIGN_IDENTITY[sdk=iphoneos*]" = "iPhone Developer";
				INFOPLIST_FILE = Embarque/Info.plist;
				IPHONEOS_DEPLOYMENT_TARGET = 7.0;
				LD_RUNPATH_SEARCH_PATHS = "$(inherited) @executable_path/Frameworks";
				PRODUCT_NAME = "$(TARGET_NAME)";
				PROVISIONING_PROFILE = "";
			};
			name = Release;
		};
		BA6B59431AD9507F00FC78F1 /* Debug */ = {
			isa = XCBuildConfiguration;
			buildSettings = {
				BUNDLE_LOADER = "$(TEST_HOST)";
				CODE_SIGN_IDENTITY = "iPhone Developer";
				"CODE_SIGN_IDENTITY[sdk=iphoneos*]" = "iPhone Developer";
				FRAMEWORK_SEARCH_PATHS = (
					"$(SDKROOT)/Developer/Library/Frameworks",
					"$(inherited)",
				);
				GCC_PREPROCESSOR_DEFINITIONS = (
					"DEBUG=1",
					"$(inherited)",
				);
				INFOPLIST_FILE = EmbarqueTests/Info.plist;
				LD_RUNPATH_SEARCH_PATHS = "$(inherited) @executable_path/Frameworks @loader_path/Frameworks";
				PRODUCT_NAME = "$(TARGET_NAME)";
				PROVISIONING_PROFILE = "";
				TEST_HOST = "$(BUILT_PRODUCTS_DIR)/Embarque.app/Embarque";
			};
			name = Debug;
		};
		BA6B59441AD9507F00FC78F1 /* Release */ = {
			isa = XCBuildConfiguration;
			buildSettings = {
				BUNDLE_LOADER = "$(TEST_HOST)";
				CODE_SIGN_IDENTITY = "iPhone Developer";
				"CODE_SIGN_IDENTITY[sdk=iphoneos*]" = "iPhone Developer";
				FRAMEWORK_SEARCH_PATHS = (
					"$(SDKROOT)/Developer/Library/Frameworks",
					"$(inherited)",
				);
				INFOPLIST_FILE = EmbarqueTests/Info.plist;
				LD_RUNPATH_SEARCH_PATHS = "$(inherited) @executable_path/Frameworks @loader_path/Frameworks";
				PRODUCT_NAME = "$(TARGET_NAME)";
				PROVISIONING_PROFILE = "";
				TEST_HOST = "$(BUILT_PRODUCTS_DIR)/Embarque.app/Embarque";
			};
			name = Release;
		};
/* End XCBuildConfiguration section */

/* Begin XCConfigurationList section */
		BA6B59171AD9507F00FC78F1 /* Build configuration list for PBXProject "Embarque" */ = {
			isa = XCConfigurationList;
			buildConfigurations = (
				BA6B593D1AD9507F00FC78F1 /* Debug */,
				BA6B593E1AD9507F00FC78F1 /* Release */,
			);
			defaultConfigurationIsVisible = 0;
			defaultConfigurationName = Release;
		};
		BA6B593F1AD9507F00FC78F1 /* Build configuration list for PBXNativeTarget "Embarque" */ = {
			isa = XCConfigurationList;
			buildConfigurations = (
				BA6B59401AD9507F00FC78F1 /* Debug */,
				BA6B59411AD9507F00FC78F1 /* Release */,
			);
			defaultConfigurationIsVisible = 0;
			defaultConfigurationName = Release;
		};
		BA6B59421AD9507F00FC78F1 /* Build configuration list for PBXNativeTarget "EmbarqueTests" */ = {
			isa = XCConfigurationList;
			buildConfigurations = (
				BA6B59431AD9507F00FC78F1 /* Debug */,
				BA6B59441AD9507F00FC78F1 /* Release */,
			);
			defaultConfigurationIsVisible = 0;
			defaultConfigurationName = Release;
		};
/* End XCConfigurationList section */
	};
	rootObject = BA6B59141AD9507F00FC78F1 /* Project object */;
}
